
Microsoft Visual Studio Solution File, Format Version 12.00
# Visual Studio 15
VisualStudioVersion = 15.0.28010.2003
MinimumVisualStudioVersion = 10.0.40219.1
Project("{FAE04EC0-301F-11D3-BF4B-00C04F79EFBC}") = "WPF_TheConverter", "WPF_TheConverter\WPF_TheConverter.csproj", "{37445A0F-4548-4327-8663-EA0B73597604}"
EndProject
Global
	GlobalSection(SolutionConfigurationPlatforms) = preSolution
		Debug|Any CPU = Debug|Any CPU
		Release|Any CPU = Release|Any CPU
	EndGlobalSection
	GlobalSection(ProjectConfigurationPlatforms) = postSolution
		{37445A0F-4548-4327-8663-EA0B73597604}.Debug|Any CPU.ActiveCfg = Debug|Any CPU
		{37445A0F-4548-4327-8663-EA0B73597604}.Debug|Any CPU.Build.0 = Debug|Any CPU
		{37445A0F-4548-4327-8663-EA0B73597604}.Release|Any CPU.ActiveCfg = Release|Any CPU
		{37445A0F-4548-4327-8663-EA0B73597604}.Release|Any CPU.Build.0 = Release|Any CPU
	EndGlobalSection
	GlobalSection(SolutionProperties) = preSolution
		HideSolutionNode = FALSE
	EndGlobalSection
	GlobalSection(ExtensibilityGlobals) = postSolution
		SolutionGuid = {3B5717C9-9AAA-47FA-85BD-74BD436EE9BD}
	EndGlobalSection
EndGlobal
